
Microsoft Visual Studio Solution File, Format Version 12.00
# Visual Studio 14
VisualStudioVersion = 14.0.25420.1
MinimumVisualStudioVersion = 10.0.40219.1
Project("{8BC9CEB8-8B4A-11D0-8D11-00A0C91BC942}") = "GoogleTest", "GoogleTest\GoogleTest.vcxproj", "{B135D9F7-9C8F-4525-95EC-5200B7E93745}"
	ProjectSection(ProjectDependencies) = postProject
		{C44E4C0E-95B9-4C13-99F8-096EAF91AFD1} = {C44E4C0E-95B9-4C13-99F8-096EAF91AFD1}
	EndProjectSection
EndProject
Project("{8BC9CEB8-8B4A-11D0-8D11-00A0C91BC942}") = "LabTool", "..\LabToolGoogle\LabTool\LabTool.vcxproj", "{C44E4C0E-95B9-4C13-99F8-096EAF91AFD1}"
EndProject
Global
	GlobalSection(SolutionConfigurationPlatforms) = preSolution
		Debug|x64 = Debug|x64
		Debug|x86 = Debug|x86
		Release|x64 = Release|x64
		Release|x86 = Release|x86
	EndGlobalSection
	GlobalSection(ProjectConfigurationPlatforms) = postSolution
		{B135D9F7-9C8F-4525-95EC-5200B7E93745}.Debug|x64.ActiveCfg = Debug|x64
		{B135D9F7-9C8F-4525-95EC-5200B7E93745}.Debug|x64.Build.0 = Debug|x64
		{B135D9F7-9C8F-4525-95EC-5200B7E93745}.Debug|x86.ActiveCfg = Debug|Win32
		{B135D9F7-9C8F-4525-95EC-5200B7E93745}.Debug|x86.Build.0 = Debug|Win32
		{B135D9F7-9C8F-4525-95EC-5200B7E93745}.Release|x64.ActiveCfg = Release|x64
		{B135D9F7-9C8F-4525-95EC-5200B7E93745}.Release|x64.Build.0 = Release|x64
		{B135D9F7-9C8F-4525-95EC-5200B7E93745}.Release|x86.ActiveCfg = Release|Win32
		{B135D9F7-9C8F-4525-95EC-5200B7E93745}.Release|x86.Build.0 = Release|Win32
		{C44E4C0E-95B9-4C13-99F8-096EAF91AFD1}.Debug|x64.ActiveCfg = Debug|x64
		{C44E4C0E-95B9-4C13-99F8-096EAF91AFD1}.Debug|x64.Build.0 = Debug|x64
		{C44E4C0E-95B9-4C13-99F8-096EAF91AFD1}.Debug|x86.ActiveCfg = Debug|Win32
		{C44E4C0E-95B9-4C13-99F8-096EAF91AFD1}.Debug|x86.Build.0 = Debug|Win32
		{C44E4C0E-95B9-4C13-99F8-096EAF91AFD1}.Release|x64.ActiveCfg = Release|x64
		{C44E4C0E-95B9-4C13-99F8-096EAF91AFD1}.Release|x64.Build.0 = Release|x64
		{C44E4C0E-95B9-4C13-99F8-096EAF91AFD1}.Release|x86.ActiveCfg = Release|Win32
		{C44E4C0E-95B9-4C13-99F8-096EAF91AFD1}.Release|x86.Build.0 = Release|Win32
	EndGlobalSection
	GlobalSection(SolutionProperties) = preSolution
		HideSolutionNode = FALSE
	EndGlobalSection
EndGlobal
